
Microsoft Visual Studio Solution File, Format Version 12.00
# Visual Studio Version 17
VisualStudioVersion = 17.14.36518.9
MinimumVisualStudioVersion = 10.0.40219.1
Project("{FAE04EC0-301F-11D3-BF4B-00C04F79EFBC}") = "BlackSharp.Core", "BlackSharp.Core\BlackSharp.Core.csproj", "{E0EF8032-BE96-49E4-97AB-D6BFDB47980D}"
EndProject
Project("{FAE04EC0-301F-11D3-BF4B-00C04F79EFBC}") = "BlackSharp.UI.Avalonia", "BlackSharp.UI.Avalonia\BlackSharp.UI.Avalonia.csproj", "{AD5572DD-538F-471E-870B-B5F772FAB0AF}"
EndProject
Project("{FAE04EC0-301F-11D3-BF4B-00C04F79EFBC}") = "BlackSharp.MVVM", "BlackSharp.MVVM\BlackSharp.MVVM.csproj", "{6B60BA61-549C-49A0-8853-02E59276B3EB}"
EndProject
Project("{2150E333-8FDC-42A3-9474-1A3956D46DE8}") = "Tests", "Tests", "{02EA681E-C7D8-13C7-8484-4AC65E1B71E8}"
EndProject
Project("{FAE04EC0-301F-11D3-BF4B-00C04F79EFBC}") = "BlackSharp.Core.Tests", "BlackSharp.Core.Tests\BlackSharp.Core.Tests.csproj", "{BC2F72B3-24AF-40FD-A92D-90E2134DD5B4}"
EndProject
Global
	GlobalSection(SolutionConfigurationPlatforms) = preSolution
		Debug|Any CPU = Debug|Any CPU
		Release|Any CPU = Release|Any CPU
	EndGlobalSection
	GlobalSection(ProjectConfigurationPlatforms) = postSolution
		{E0EF8032-BE96-49E4-97AB-D6BFDB47980D}.Debug|Any CPU.ActiveCfg = Debug|Any CPU
		{E0EF8032-BE96-49E4-97AB-D6BFDB47980D}.Debug|Any CPU.Build.0 = Debug|Any CPU
		{E0EF8032-BE96-49E4-97AB-D6BFDB47980D}.Release|Any CPU.ActiveCfg = Release|Any CPU
		{E0EF8032-BE96-49E4-97AB-D6BFDB47980D}.Release|Any CPU.Build.0 = Release|Any CPU
		{AD5572DD-538F-471E-870B-B5F772FAB0AF}.Debug|Any CPU.ActiveCfg = Debug|Any CPU
		{AD5572DD-538F-471E-870B-B5F772FAB0AF}.Debug|Any CPU.Build.0 = Debug|Any CPU
		{AD5572DD-538F-471E-870B-B5F772FAB0AF}.Release|Any CPU.ActiveCfg = Release|Any CPU
		{AD5572DD-538F-471E-870B-B5F772FAB0AF}.Release|Any CPU.Build.0 = Release|Any CPU
		{6B60BA61-549C-49A0-8853-02E59276B3EB}.Debug|Any CPU.ActiveCfg = Debug|Any CPU
		{6B60BA61-549C-49A0-8853-02E59276B3EB}.Debug|Any CPU.Build.0 = Debug|Any CPU
		{6B60BA61-549C-49A0-8853-02E59276B3EB}.Release|Any CPU.ActiveCfg = Release|Any CPU
		{6B60BA61-549C-49A0-8853-02E59276B3EB}.Release|Any CPU.Build.0 = Release|Any CPU
		{BC2F72B3-24AF-40FD-A92D-90E2134DD5B4}.Debug|Any CPU.ActiveCfg = Debug|Any CPU
		{BC2F72B3-24AF-40FD-A92D-90E2134DD5B4}.Debug|Any CPU.Build.0 = Debug|Any CPU
		{BC2F72B3-24AF-40FD-A92D-90E2134DD5B4}.Release|Any CPU.ActiveCfg = Release|Any CPU
		{BC2F72B3-24AF-40FD-A92D-90E2134DD5B4}.Release|Any CPU.Build.0 = Release|Any CPU
	EndGlobalSection
	GlobalSection(SolutionProperties) = preSolution
		HideSolutionNode = FALSE
	EndGlobalSection
	GlobalSection(NestedProjects) = preSolution
		{BC2F72B3-24AF-40FD-A92D-90E2134DD5B4} = {02EA681E-C7D8-13C7-8484-4AC65E1B71E8}
	EndGlobalSection
	GlobalSection(ExtensibilityGlobals) = postSolution
		SolutionGuid = {E354AE4D-9DD4-4F78-979F-3F347A61AFA4}
	EndGlobalSection
EndGlobal
